
Microsoft Visual Studio Solution File, Format Version 12.00
# Visual Studio 2013
VisualStudioVersion = 12.0.31101.0
MinimumVisualStudioVersion = 10.0.40219.1
Project("{FAE04EC0-301F-11D3-BF4B-00C04F79EFBC}") = "UnscentedKalmanFilter", "UnscentedKalmanFilter\UnscentedKalmanFilter.csproj", "{FADAFD6C-9B9D-444C-B991-398AE5C67712}"
EndProject
Project("{FAE04EC0-301F-11D3-BF4B-00C04F79EFBC}") = "Example", "Example\Example.csproj", "{18445F38-685F-4A9C-BB11-4BB6B18AF296}"
EndProject
Global
	GlobalSection(SolutionConfigurationPlatforms) = preSolution
		Debug|Any CPU = Debug|Any CPU
		Release|Any CPU = Release|Any CPU
	EndGlobalSection
	GlobalSection(ProjectConfigurationPlatforms) = postSolution
		{FADAFD6C-9B9D-444C-B991-398AE5C67712}.Debug|Any CPU.ActiveCfg = Debug|Any CPU
		{FADAFD6C-9B9D-444C-B991-398AE5C67712}.Debug|Any CPU.Build.0 = Debug|Any CPU
		{FADAFD6C-9B9D-444C-B991-398AE5C67712}.Release|Any CPU.ActiveCfg = Release|Any CPU
		{FADAFD6C-9B9D-444C-B991-398AE5C67712}.Release|Any CPU.Build.0 = Release|Any CPU
		{18445F38-685F-4A9C-BB11-4BB6B18AF296}.Debug|Any CPU.ActiveCfg = Debug|Any CPU
		{18445F38-685F-4A9C-BB11-4BB6B18AF296}.Debug|Any CPU.Build.0 = Debug|Any CPU
		{18445F38-685F-4A9C-BB11-4BB6B18AF296}.Release|Any CPU.ActiveCfg = Release|Any CPU
		{18445F38-685F-4A9C-BB11-4BB6B18AF296}.Release|Any CPU.Build.0 = Release|Any CPU
	EndGlobalSection
	GlobalSection(SolutionProperties) = preSolution
		HideSolutionNode = FALSE
	EndGlobalSection
EndGlobal
